{
  "version": 4,
  "terraform_version": "1.9.3",
  "serial": 117,
  "lineage": "e604b0db-5e50-883c-1dae-01a2c05fc1f7",
  "outputs": {},
  "resources": [
    {
      "mode": "managed",
      "type": "mongodbatlas_project",
      "name": "example",
      "provider": "provider[\"registry.terraform.io/mongodb/mongodbatlas\"]",
      "instances": [
        {
          "schema_version": 0,
          "attributes": {
            "cluster_count": 0,
            "created": "2024-09-20T08:58:19Z",
            "id": "66ed39216d7938659f74e3bb",
            "ip_addresses": {
              "services": {
                "clusters": []
              }
            },
            "is_collect_database_specifics_statistics_enabled": true,
            "is_data_explorer_enabled": true,
            "is_extended_storage_sizes_enabled": false,
            "is_performance_advisor_enabled": true,
            "is_realtime_performance_panel_enabled": true,
            "is_schema_advisor_enabled": true,
            "limits": [],
            "name": "example-project",
            "org_id": "66ed005ac6a3c40fc4a6deba",
            "project_owner_id": null,
            "region_usage_restrictions": null,
            "tags": null,
            "teams": [],
            "with_default_alerts_settings": true
          },
          "sensitive_attributes": []
        }
      ]
    }
  ],
  "check_results": null
}
